
Microsoft Visual Studio Solution File, Format Version 12.00
# Visual Studio Version 17
VisualStudioVersion = 17.9.34902.65
MinimumVisualStudioVersion = 10.0.40219.1
Project("{FAE04EC0-301F-11D3-BF4B-00C04F79EFBC}") = "MauiWebViewIssue", "MauiWebViewIssue\MauiWebViewIssue.csproj", "{67E8317C-F158-47A2-A9B6-91C02C128D27}"
EndProject
Global
	GlobalSection(SolutionConfigurationPlatforms) = preSolution
		Debug|Any CPU = Debug|Any CPU
		Release|Any CPU = Release|Any CPU
	EndGlobalSection
	GlobalSection(ProjectConfigurationPlatforms) = postSolution
		{67E8317C-F158-47A2-A9B6-91C02C128D27}.Debug|Any CPU.ActiveCfg = Debug|Any CPU
		{67E8317C-F158-47A2-A9B6-91C02C128D27}.Debug|Any CPU.Build.0 = Debug|Any CPU
		{67E8317C-F158-47A2-A9B6-91C02C128D27}.Debug|Any CPU.Deploy.0 = Debug|Any CPU
		{67E8317C-F158-47A2-A9B6-91C02C128D27}.Release|Any CPU.ActiveCfg = Release|Any CPU
		{67E8317C-F158-47A2-A9B6-91C02C128D27}.Release|Any CPU.Build.0 = Release|Any CPU
		{67E8317C-F158-47A2-A9B6-91C02C128D27}.Release|Any CPU.Deploy.0 = Release|Any CPU
	EndGlobalSection
	GlobalSection(SolutionProperties) = preSolution
		HideSolutionNode = FALSE
	EndGlobalSection
	GlobalSection(ExtensibilityGlobals) = postSolution
		SolutionGuid = {ACDFD1D1-4CDD-4948-826F-0424A35A432A}
	EndGlobalSection
EndGlobal
